
Microsoft Visual Studio Solution File, Format Version 12.00
# Visual Studio Version 16
VisualStudioVersion = 16.0.29728.190
MinimumVisualStudioVersion = 10.0.40219.1
Project("{FAE04EC0-301F-11D3-BF4B-00C04F79EFBC}") = "WebApplicationDemo.Heroku", "WebApplicationDemo.Heroku\WebApplicationDemo.Heroku.csproj", "{76402E7A-5D89-48A3-B8E3-B6C9F811C6D4}"
EndProject
Global
	GlobalSection(SolutionConfigurationPlatforms) = preSolution
		Debug|Any CPU = Debug|Any CPU
		Release|Any CPU = Release|Any CPU
	EndGlobalSection
	GlobalSection(ProjectConfigurationPlatforms) = postSolution
		{76402E7A-5D89-48A3-B8E3-B6C9F811C6D4}.Debug|Any CPU.ActiveCfg = Debug|Any CPU
		{76402E7A-5D89-48A3-B8E3-B6C9F811C6D4}.Debug|Any CPU.Build.0 = Debug|Any CPU
		{76402E7A-5D89-48A3-B8E3-B6C9F811C6D4}.Release|Any CPU.ActiveCfg = Release|Any CPU
		{76402E7A-5D89-48A3-B8E3-B6C9F811C6D4}.Release|Any CPU.Build.0 = Release|Any CPU
	EndGlobalSection
	GlobalSection(SolutionProperties) = preSolution
		HideSolutionNode = FALSE
	EndGlobalSection
	GlobalSection(ExtensibilityGlobals) = postSolution
		SolutionGuid = {2D1F4DBA-4B26-44E2-95C8-BB0988FF6D5A}
	EndGlobalSection
EndGlobal
